
Microsoft Visual Studio Solution File, Format Version 12.00
# Visual Studio Express 2013 for Windows Desktop
VisualStudioVersion = 12.0.21005.1
MinimumVisualStudioVersion = 10.0.40219.1
Project("{FAE04EC0-301F-11D3-BF4B-00C04F79EFBC}") = "View", "View\View.csproj", "{8172932F-7384-4022-BAA7-9A33FA531A7F}"
EndProject
Project("{FAE04EC0-301F-11D3-BF4B-00C04F79EFBC}") = "Model", "..\..\_lab_1\lab_1\Model.csproj", "{C10CE87D-8D02-4804-9FCE-BDE33595FD08}"
EndProject
Project("{FAE04EC0-301F-11D3-BF4B-00C04F79EFBC}") = "UnitTests", "UnitTests\UnitTests.csproj", "{71219A66-876F-4F61-9B79-C870E783640E}"
EndProject
Global
	GlobalSection(SolutionConfigurationPlatforms) = preSolution
		Debug|Any CPU = Debug|Any CPU
		Release|Any CPU = Release|Any CPU
	EndGlobalSection
	GlobalSection(ProjectConfigurationPlatforms) = postSolution
		{8172932F-7384-4022-BAA7-9A33FA531A7F}.Debug|Any CPU.ActiveCfg = Debug|Any CPU
		{8172932F-7384-4022-BAA7-9A33FA531A7F}.Debug|Any CPU.Build.0 = Debug|Any CPU
		{8172932F-7384-4022-BAA7-9A33FA531A7F}.Release|Any CPU.ActiveCfg = Release|Any CPU
		{8172932F-7384-4022-BAA7-9A33FA531A7F}.Release|Any CPU.Build.0 = Release|Any CPU
		{C10CE87D-8D02-4804-9FCE-BDE33595FD08}.Debug|Any CPU.ActiveCfg = Debug|Any CPU
		{C10CE87D-8D02-4804-9FCE-BDE33595FD08}.Debug|Any CPU.Build.0 = Debug|Any CPU
		{C10CE87D-8D02-4804-9FCE-BDE33595FD08}.Release|Any CPU.ActiveCfg = Release|Any CPU
		{C10CE87D-8D02-4804-9FCE-BDE33595FD08}.Release|Any CPU.Build.0 = Release|Any CPU
		{71219A66-876F-4F61-9B79-C870E783640E}.Debug|Any CPU.ActiveCfg = Debug|Any CPU
		{71219A66-876F-4F61-9B79-C870E783640E}.Debug|Any CPU.Build.0 = Debug|Any CPU
		{71219A66-876F-4F61-9B79-C870E783640E}.Release|Any CPU.ActiveCfg = Release|Any CPU
		{71219A66-876F-4F61-9B79-C870E783640E}.Release|Any CPU.Build.0 = Release|Any CPU
	EndGlobalSection
	GlobalSection(SolutionProperties) = preSolution
		HideSolutionNode = FALSE
	EndGlobalSection
EndGlobal
